{
  "version": 4,
  "terraform_version": "1.12.2",
  "serial": 6,
  "lineage": "eb8347a8-cc93-96ca-4149-a70e40d53cd2",
  "outputs": {},
  "resources": [
    {
      "mode": "managed",
      "type": "azurerm_app_service_plan",
      "name": "plan",
      "provider": "provider[\"registry.terraform.io/hashicorp/azurerm\"]",
      "instances": [
        {
          "schema_version": 1,
          "attributes": {
            "app_service_environment_id": "",
            "id": "/subscriptions/4511020a-62cf-4280-a46c-939a029d8add/resourceGroups/rg-cloudkart/providers/Microsoft.Web/serverFarms/asp-cloudkart-free",
            "is_xenon": false,
            "kind": "Windows",
            "location": "canadacentral",
            "maximum_elastic_worker_count": 1,
            "maximum_number_of_workers": 1,
            "name": "asp-cloudkart-free",
            "per_site_scaling": false,
            "reserved": false,
            "resource_group_name": "rg-cloudkart",
            "sku": [
              {
                "capacity": 0,
                "size": "F1",
                "tier": "Free"
              }
            ],
            "tags": {
              "environment": "dev",
              "owner": "CloudKartTeam",
              "project": "CloudKart"
            },
            "timeouts": null,
            "zone_redundant": false
          },
          "sensitive_attributes": [],
          "identity_schema_version": 0,
          "private": "eyJlMmJmYjczMC1lY2FhLTExZTYtOGY4OC0zNDM2M2JjN2M0YzAiOnsiY3JlYXRlIjozNjAwMDAwMDAwMDAwLCJkZWxldGUiOjM2MDAwMDAwMDAwMDAsInJlYWQiOjMwMDAwMDAwMDAwMCwidXBkYXRlIjozNjAwMDAwMDAwMDAwfSwic2NoZW1hX3ZlcnNpb24iOiIxIn0=",
          "dependencies": [
            "azurerm_resource_group.main"
          ]
        }
      ]
    },
    {
      "mode": "managed",
      "type": "azurerm_resource_group",
      "name": "main",
      "provider": "provider[\"registry.terraform.io/hashicorp/azurerm\"]",
      "instances": [
        {
          "schema_version": 0,
          "attributes": {
            "id": "/subscriptions/4511020a-62cf-4280-a46c-939a029d8add/resourceGroups/rg-cloudkart",
            "location": "canadacentral",
            "managed_by": "",
            "name": "rg-cloudkart",
            "tags": {
              "environment": "dev",
              "owner": "CloudKartTeam",
              "project": "CloudKart"
            },
            "timeouts": null
          },
          "sensitive_attributes": [],
          "identity_schema_version": 0,
          "private": "eyJlMmJmYjczMC1lY2FhLTExZTYtOGY4OC0zNDM2M2JjN2M0YzAiOnsiY3JlYXRlIjo1NDAwMDAwMDAwMDAwLCJkZWxldGUiOjU0MDAwMDAwMDAwMDAsInJlYWQiOjMwMDAwMDAwMDAwMCwidXBkYXRlIjo1NDAwMDAwMDAwMDAwfX0="
        }
      ]
    }
  ],
  "check_results": null
}
